Microsoft Visual Studio Solution File, Format Version 8.00
Project("{54435603-DBB4-11D2-8724-00A0C9A8B90C}") = "1-FileSystem-Test", "1-FileSystem\Test.vdproj", "{C3234875-729D-406F-8B86-7204D6567768}"
	ProjectSection(ProjectDependencies) = postProject
	EndProjectSection
EndProject
Global
	GlobalSection(DPCodeReviewSolutionGUID) = preSolution
		DPCodeReviewSolutionGUID = {00000000-0000-0000-0000-000000000000}
	EndGlobalSection
	GlobalSection(SolutionConfiguration) = preSolution
		Debug = Debug
		Release = Release
	EndGlobalSection
	GlobalSection(ProjectDependencies) = postSolution
	EndGlobalSection
	GlobalSection(ProjectConfiguration) = postSolution
		{C3234875-729D-406F-8B86-7204D6567768}.Debug.ActiveCfg = Debug
		{C3234875-729D-406F-8B86-7204D6567768}.Debug.Build.0 = Debug
		{C3234875-729D-406F-8B86-7204D6567768}.Release.ActiveCfg = Release
		{C3234875-729D-406F-8B86-7204D6567768}.Release.Build.0 = Release
	EndGlobalSection
	GlobalSection(ExtensibilityGlobals) = postSolution
	EndGlobalSection
	GlobalSection(ExtensibilityAddIns) = postSolution
	EndGlobalSection
EndGlobal
